// !$*UTF8*$!
{
	archiveVersion = 1;
	classes = {
	};
	objectVersion = 46;
	objects = {

/* Begin PBXBuildFile section */
		111D3B621C39A95500031E4F /* AppDelegate.swift in Sources */ = {isa = PBXBuildFile; fileRef = 111D3B611C39A95500031E4F /* AppDelegate.swift */; };
		111D3B641C39A95500031E4F /* ViewController.swift in Sources */ = {isa = PBXBuildFile; fileRef = 111D3B631C39A95500031E4F /* ViewController.swift */; };
		111D3B671C39A95500031E4F /* Main.storyboard in Resources */ = {isa = PBXBuildFile; fileRef = 111D3B651C39A95500031E4F /* Main.storyboard */; };
		111D3B691C39A95500031E4F /* Assets.xcassets in Resources */ = {isa = PBXBuildFile; fileRef = 111D3B681C39A95500031E4F /* Assets.xcassets */; };
		111D3B6C1C39A95500031E4F /* LaunchScreen.storyboard in Resources */ = {isa = PBXBuildFile; fileRef = 111D3B6A1C39A95500031E4F /* LaunchScreen.storyboard */; };
		111D3B751C39A99100031E4F /* Ody.swift in Sources */ = {isa = PBXBuildFile; fileRef = 111D3B741C39A99100031E4F /* Ody.swift */; };
/* End PBXBuildFile section */

/* Begin PBXFileReference section */
		111D3B5E1C39A95500031E4F /* Ody.app */ = {isa = PBXFileReference; explicitFileType = wrapper.application; includeInIndex = 0; path = Ody.app; sourceTree = BUILT_PRODUCTS_DIR; };
		111D3B611C39A95500031E4F /* AppDelegate.swift */ = {isa = PBXFileReference; lastKnownFileType = sourcecode.swift; path = AppDelegate.swift; sourceTree = "<group>"; };
		111D3B631C39A95500031E4F /* ViewController.swift */ = {isa = PBXFileReference; lastKnownFileType = sourcecode.swift; path = ViewController.swift; sourceTree = "<group>"; };
		111D3B661C39A95500031E4F /* Base */ = {isa = PBXFileReference; lastKnownFileType = file.storyboard; name = Base; path = Base.lproj/Main.storyboard; sourceTree = "<group>"; };
		111D3B681C39A95500031E4F /* Assets.xcassets */ = {isa = PBXFileReference; lastKnownFileType = folder.assetcatalog; path = Assets.xcassets; sourceTree = "<group>"; };
		111D3B6B1C39A95500031E4F /* Base */ = {isa = PBXFileReference; lastKnownFileType = file.storyboard; name = Base; path = Base.lproj/LaunchScreen.storyboard; sourceTree = "<group>"; };
		111D3B6D1C39A95500031E4F /* Info.plist */ = {isa = PBXFileReference; lastKnownFileType = text.plist.xml; path = Info.plist; sourceTree = "<group>"; };
		111D3B741C39A99100031E4F /* Ody.swift */ = {isa = PBXFileReference; fileEncoding = 4; lastKnownFileType = sourcecode.swift; path = Ody.swift; sourceTree = "<group>"; };
/* End PBXFileReference section */

/* Begin PBXFrameworksBuildPhase section */
		111D3B5B1C39A95500031E4F /* Frameworks */ = {
			isa = PBXFrameworksBuildPhase;
			buildActionMask = 2147483647;
			files = (
			);
			runOnlyForDeploymentPostprocessing = 0;
		};
/* End PBXFrameworksBuildPhase section */

/* Begin PBXGroup section */
		111D3B551C39A95500031E4F = {
			isa = PBXGroup;
			children = (
				111D3B601C39A95500031E4F /* Ody */,
				111D3B5F1C39A95500031E4F /* Products */,
			);
			sourceTree = "<group>";
		};
		111D3B5F1C39A95500031E4F /* Products */ = {
			isa = PBXGroup;
			children = (
				111D3B5E1C39A95500031E4F /* Ody.app */,
			);
			name = Products;
			sourceTree = "<group>";
		};
		111D3B601C39A95500031E4F /* Ody */ = {
			isa = PBXGroup;
			children = (
				111D3B731C39A98600031E4F /* OdyiOS */,
				111D3B611C39A95500031E4F /* AppDelegate.swift */,
				111D3B631C39A95500031E4F /* ViewController.swift */,
				111D3B651C39A95500031E4F /* Main.storyboard */,
				111D3B681C39A95500031E4F /* Assets.xcassets */,
				111D3B6A1C39A95500031E4F /* LaunchScreen.storyboard */,
				111D3B6D1C39A95500031E4F /* Info.plist */,
			);
			path = Ody;
			sourceTree = "<group>";
		};
		111D3B731C39A98600031E4F /* OdyiOS */ = {
			isa = PBXGroup;
			children = (
				111D3B741C39A99100031E4F /* Ody.swift */,
			);
			name = OdyiOS;
			sourceTree = "<group>";
		};
/* End PBXGroup section */

/* Begin PBXNativeTarget section */
		111D3B5D1C39A95500031E4F /* Ody */ = {
			isa = PBXNativeTarget;
			buildConfigurationList = 111D3B701C39A95500031E4F /* Build configuration list for PBXNativeTarget "Ody" */;
			buildPhases = (
				111D3B5A1C39A95500031E4F /* Sources */,
				111D3B5B1C39A95500031E4F /* Frameworks */,
				111D3B5C1C39A95500031E4F /* Resources */,
			);
			buildRules = (
			);
			dependencies = (
			);
			name = Ody;
			productName = Ody;
			productReference = 111D3B5E1C39A95500031E4F /* Ody.app */;
			productType = "com.apple.product-type.application";
		};
/* End PBXNativeTarget section */

/* Begin PBXProject section */
		111D3B561C39A95500031E4F /* Project object */ = {
			isa = PBXProject;
			attributes = {
				LastSwiftUpdateCheck = 0720;
				LastUpgradeCheck = 0720;
				ORGANIZATIONNAME = Quintero;
				TargetAttributes = {
					111D3B5D1C39A95500031E4F = {
						CreatedOnToolsVersion = 7.2;
						LastSwiftMigration = 0820;
					};
				};
			};
			buildConfigurationList = 111D3B591C39A95500031E4F /* Build configuration list for PBXProject "Ody" */;
			compatibilityVersion = "Xcode 3.2";
			developmentRegion = English;
			hasScannedForEncodings = 0;
			knownRegions = (
				en,
				Base,
			);
			mainGroup = 111D3B551C39A95500031E4F;
			productRefGroup = 111D3B5F1C39A95500031E4F /* Products */;
			projectDirPath = "";
			projectRoot = "";
			targets = (
				111D3B5D1C39A95500031E4F /* Ody */,
			);
		};
/* End PBXProject section */

/* Begin PBXResourcesBuildPhase section */
		111D3B5C1C39A95500031E4F /* Resources */ = {
			isa = PBXResourcesBuildPhase;
			buildActionMask = 2147483647;
			files = (
				111D3B6C1C39A95500031E4F /* LaunchScreen.storyboard in Resources */,
				111D3B691C39A95500031E4F /* Assets.xcassets in Resources */,
				111D3B671C39A95500031E4F /* Main.storyboard in Resources */,
			);
			runOnlyForDeploymentPostprocessing = 0;
		};
/* End PBXResourcesBuildPhase section */

/* Begin PBXSourcesBuildPhase section */
		111D3B5A1C39A95500031E4F /* Sources */ = {
			isa = PBXSourcesBuildPhase;
			buildActionMask = 2147483647;
			files = (
				111D3B641C39A95500031E4F /* ViewController.swift in Sources */,
				111D3B621C39A95500031E4F /* AppDelegate.swift in Sources */,
				111D3B751C39A99100031E4F /* Ody.swift in Sources */,
			);
			runOnlyForDeploymentPostprocessing = 0;
		};
/* End PBXSourcesBuildPhase section */

/* Begin PBXVariantGroup section */
		111D3B651C39A95500031E4F /* Main.storyboard */ = {
			isa = PBXVariantGroup;
			children = (
				111D3B661C39A95500031E4F /* Base */,
			);
			name = Main.storyboard;
			sourceTree = "<group>";
		};
		111D3B6A1C39A95500031E4F /* LaunchScreen.storyboard */ = {
			isa = PBXVariantGroup;
			children = (
				111D3B6B1C39A95500031E4F /* Base */,
			);
			name = LaunchScreen.storyboard;
			sourceTree = "<group>";
		};
/* End PBXVariantGroup section */

/* Begin XCBuildConfiguration section */
		111D3B6E1C39A95500031E4F /* Debug */ = {
			isa = XCBuildConfiguration;
			buildSettings = {
				ALWAYS_SEARCH_USER_PATHS = NO;
				CLANG_CXX_LANGUAGE_STANDARD = "gnu++0x";
				CLANG_CXX_LIBRARY = "libc++";
				CLANG_ENABLE_MODULES = YES;
				CLANG_ENABLE_OBJC_ARC = YES;
				CLANG_WARN_BOOL_CONVERSION = YES;
				CLANG_WARN_CONSTANT_CONVERSION = YES;
				CLANG_WARN_DIRECT_OBJC_ISA_USAGE = YES_ERROR;
				CLANG_WARN_EMPTY_BODY = YES;
				CLANG_WARN_ENUM_CONVERSION = YES;
				CLANG_WARN_INT_CONVERSION = YES;
				CLANG_WARN_OBJC_ROOT_CLASS = YES_ERROR;
				CLANG_WARN_UNREACHABLE_CODE = YES;
				CLANG_WARN__DUPLICATE_METHOD_MATCH = YES;
				"CODE_SIGN_IDENTITY[sdk=iphoneos*]" = "iPhone Developer";
				COPY_PHASE_STRIP = NO;
				DEBUG_INFORMATION_FORMAT = dwarf;
				ENABLE_STRICT_OBJC_MSGSEND = YES;
				ENABLE_TESTABILITY = YES;
				GCC_C_LANGUAGE_STANDARD = gnu99;
				GCC_DYNAMIC_NO_PIC = NO;
				GCC_NO_COMMON_BLOCKS = YES;
				GCC_OPTIMIZATION_LEVEL = 0;
				GCC_PREPROCESSOR_DEFINITIONS = (
					"DEBUG=1",
					"$(inherited)",
				);
				GCC_WARN_64_TO_32_BIT_CONVERSION = YES;
				GCC_WARN_ABOUT_RETURN_TYPE = YES_ERROR;
				GCC_WARN_UNDECLARED_SELECTOR = YES;
				GCC_WARN_UNINITIALIZED_AUTOS = YES_AGGRESSIVE;
				GCC_WARN_UNUSED_FUNCTION = YES;
				GCC_WARN_UNUSED_VARIABLE = YES;
				IPHONEOS_DEPLOYMENT_TARGET = 9.2;
				MTL_ENABLE_DEBUG_INFO = YES;
				ONLY_ACTIVE_ARCH = YES;
				SDKROOT = iphoneos;
				SWIFT_OPTIMIZATION_LEVEL = "-Onone";
			};
			name = Debug;
		};
		111D3B6F1C39A95500031E4F /* Release */ = {
			isa = XCBuildConfiguration;
			buildSettings = {
				ALWAYS_SEARCH_USER_PATHS = NO;
				CLANG_CXX_LANGUAGE_STANDARD = "gnu++0x";
				CLANG_CXX_LIBRARY = "libc++";
				CLANG_ENABLE_MODULES = YES;
				CLANG_ENABLE_OBJC_ARC = YES;
				CLANG_WARN_BOOL_CONVERSION = YES;
				CLANG_WARN_CONSTANT_CONVERSION = YES;
				CLANG_WARN_DIRECT_OBJC_ISA_USAGE = YES_ERROR;
				CLANG_WARN_EMPTY_BODY = YES;
				CLANG_WARN_ENUM_CONVERSION = YES;
				CLANG_WARN_INT_CONVERSION = YES;
				CLANG_WARN_OBJC_ROOT_CLASS = YES_ERROR;
				CLANG_WARN_UNREACHABLE_CODE = YES;
				CLANG_WARN__DUPLICATE_METHOD_MATCH = YES;
				"CODE_SIGN_IDENTITY[sdk=iphoneos*]" = "iPhone Developer";
				COPY_PHASE_STRIP = NO;
				DEBUG_INFORMATION_FORMAT = "dwarf-with-dsym";
				ENABLE_NS_ASSERTIONS = NO;
				ENABLE_STRICT_OBJC_MSGSEND = YES;
				GCC_C_LANGUAGE_STANDARD = gnu99;
				GCC_NO_COMMON_BLOCKS = YES;
				GCC_WARN_64_TO_32_BIT_CONVERSION = YES;
				GCC_WARN_ABOUT_RETURN_TYPE = YES_ERROR;
				GCC_WARN_UNDECLARED_SELECTOR = YES;
				GCC_WARN_UNINITIALIZED_AUTOS = YES_AGGRESSIVE;
				GCC_WARN_UNUSED_FUNCTION = YES;
				GCC_WARN_UNUSED_VARIABLE = YES;
				IPHONEOS_DEPLOYMENT_TARGET = 9.2;
				MTL_ENABLE_DEBUG_INFO = NO;
				SDKROOT = iphoneos;
				VALIDATE_PRODUCT = YES;
			};
			name = Release;
		};
		111D3B711C39A95500031E4F /* Debug */ = {
			isa = XCBuildConfiguration;
			buildSettings = {
				ASSETCATALOG_COMPILER_APPICON_NAME = AppIcon;
				INFOPLIST_FILE = Ody/Info.plist;
				LD_RUNPATH_SEARCH_PATHS = "$(inherited) @executable_path/Frameworks";
				PRODUCT_BUNDLE_IDENTIFIER = io.quintero.Ody;
				PRODUCT_NAME = "$(TARGET_NAME)";
				SWIFT_VERSION = 3.0;
			};
			name = Debug;
		};
		111D3B721C39A95500031E4F /* Release */ = {
			isa = XCBuildConfiguration;
			buildSettings = {
				ASSETCATALOG_COMPILER_APPICON_NAME = AppIcon;
				INFOPLIST_FILE = Ody/Info.plist;
				LD_RUNPATH_SEARCH_PATHS = "$(inherited) @executable_path/Frameworks";
				PRODUCT_BUNDLE_IDENTIFIER = io.quintero.Ody;
				PRODUCT_NAME = "$(TARGET_NAME)";
				SWIFT_VERSION = 3.0;
			};
			name = Release;
		};
/* End XCBuildConfiguration section */

/* Begin XCConfigurationList section */
		111D3B591C39A95500031E4F /* Build configuration list for PBXProject "Ody" */ = {
			isa = XCConfigurationList;
			buildConfigurations = (
				111D3B6E1C39A95500031E4F /* Debug */,
				111D3B6F1C39A95500031E4F /* Release */,
			);
			defaultConfigurationIsVisible = 0;
			defaultConfigurationName = Release;
		};
		111D3B701C39A95500031E4F /* Build configuration list for PBXNativeTarget "Ody" */ = {
			isa = XCConfigurationList;
			buildConfigurations = (
				111D3B711C39A95500031E4F /* Debug */,
				111D3B721C39A95500031E4F /* Release */,
			);
			defaultConfigurationIsVisible = 0;
			defaultConfigurationName = Release;
		};
/* End XCConfigurationList section */
	};
	rootObject = 111D3B561C39A95500031E4F /* Project object */;
}
